
Microsoft Visual Studio Solution File, Format Version 12.00
# Visual Studio Version 17
VisualStudioVersion = 17.7.34024.191
MinimumVisualStudioVersion = 10.0.40219.1
Project("{FAE04EC0-301F-11D3-BF4B-00C04F79EFBC}") = "Week2", "Week2\Week2.csproj", "{C67305E4-6EEC-4FFA-9595-9A06C2944DF3}"
EndProject
Project("{FAE04EC0-301F-11D3-BF4B-00C04F79EFBC}") = "UserGenderValidation", "UserGenderValidation\UserGenderValidation.csproj", "{275C633A-947E-404F-91C2-4D9BE57E4019}"
EndProject
Project("{FAE04EC0-301F-11D3-BF4B-00C04F79EFBC}") = "UserAgeValidation", "UserAgeValidation\UserAgeValidation.csproj", "{4B9E84F1-DCC2-4563-82F3-C09FC1025E1B}"
EndProject
Global
	GlobalSection(SolutionConfigurationPlatforms) = preSolution
		Debug|Any CPU = Debug|Any CPU
		Release|Any CPU = Release|Any CPU
	EndGlobalSection
	GlobalSection(ProjectConfigurationPlatforms) = postSolution
		{C67305E4-6EEC-4FFA-9595-9A06C2944DF3}.Debug|Any CPU.ActiveCfg = Debug|Any CPU
		{C67305E4-6EEC-4FFA-9595-9A06C2944DF3}.Debug|Any CPU.Build.0 = Debug|Any CPU
		{C67305E4-6EEC-4FFA-9595-9A06C2944DF3}.Release|Any CPU.ActiveCfg = Release|Any CPU
		{C67305E4-6EEC-4FFA-9595-9A06C2944DF3}.Release|Any CPU.Build.0 = Release|Any CPU
		{275C633A-947E-404F-91C2-4D9BE57E4019}.Debug|Any CPU.ActiveCfg = Debug|Any CPU
		{275C633A-947E-404F-91C2-4D9BE57E4019}.Debug|Any CPU.Build.0 = Debug|Any CPU
		{275C633A-947E-404F-91C2-4D9BE57E4019}.Release|Any CPU.ActiveCfg = Release|Any CPU
		{275C633A-947E-404F-91C2-4D9BE57E4019}.Release|Any CPU.Build.0 = Release|Any CPU
		{4B9E84F1-DCC2-4563-82F3-C09FC1025E1B}.Debug|Any CPU.ActiveCfg = Debug|Any CPU
		{4B9E84F1-DCC2-4563-82F3-C09FC1025E1B}.Debug|Any CPU.Build.0 = Debug|Any CPU
		{4B9E84F1-DCC2-4563-82F3-C09FC1025E1B}.Release|Any CPU.ActiveCfg = Release|Any CPU
		{4B9E84F1-DCC2-4563-82F3-C09FC1025E1B}.Release|Any CPU.Build.0 = Release|Any CPU
	EndGlobalSection
	GlobalSection(SolutionProperties) = preSolution
		HideSolutionNode = FALSE
	EndGlobalSection
	GlobalSection(ExtensibilityGlobals) = postSolution
		SolutionGuid = {FF1C8C0C-E903-4C5E-8DEC-481E45F2E7DC}
	EndGlobalSection
EndGlobal
